Microsoft Visual Studio Solution File, Format Version 12.00
# Visual Studio Version 17
VisualStudioVersion = 17.0.31903.59
MinimumVisualStudioVersion = 10.0.40219.1
Project("{FAE04EC0-301F-11D3-BF4B-00C04F79EFBC}") = "Operations.Domain", "src\Operations.Domain\Operations.Domain.csproj", "{B2CCB3F8-7424-4BC5-9B9F-D86B30FEEFD2}"
EndProject
Project("{FAE04EC0-301F-11D3-BF4B-00C04F79EFBC}") = "Operations.Api", "src\Operations.Api\Operations.Api.csproj", "{9F7DF5B5-7640-41BD-8265-29AE1AA0EE67}"
EndProject
Project("{FAE04EC0-301F-11D3-BF4B-00C04F79EFBC}") = "Operations.Tests", "tests\Operations.Tests\Operations.Tests.csproj", "{705B510C-CB49-4B7B-AE51-B2A9834607A9}"
EndProject
Global
	GlobalSection(SolutionConfigurationPlatforms) = preSolution
		Debug|Any CPU = Debug|Any CPU
		Release|Any CPU = Release|Any CPU
	EndGlobalSection
	GlobalSection(ProjectConfigurationPlatforms) = postSolution
		{B2CCB3F8-7424-4BC5-9B9F-D86B30FEEFD2}.Debug|Any CPU.ActiveCfg = Debug|Any CPU
		{B2CCB3F8-7424-4BC5-9B9F-D86B30FEEFD2}.Debug|Any CPU.Build.0 = Debug|Any CPU
		{B2CCB3F8-7424-4BC5-9B9F-D86B30FEEFD2}.Release|Any CPU.ActiveCfg = Release|Any CPU
		{B2CCB3F8-7424-4BC5-9B9F-D86B30FEEFD2}.Release|Any CPU.Build.0 = Release|Any CPU
		{9F7DF5B5-7640-41BD-8265-29AE1AA0EE67}.Debug|Any CPU.ActiveCfg = Debug|Any CPU
		{9F7DF5B5-7640-41BD-8265-29AE1AA0EE67}.Debug|Any CPU.Build.0 = Debug|Any CPU
		{9F7DF5B5-7640-41BD-8265-29AE1AA0EE67}.Release|Any CPU.ActiveCfg = Release|Any CPU
		{9F7DF5B5-7640-41BD-8265-29AE1AA0EE67}.Release|Any CPU.Build.0 = Release|Any CPU
		{705B510C-CB49-4B7B-AE51-B2A9834607A9}.Debug|Any CPU.ActiveCfg = Debug|Any CPU
		{705B510C-CB49-4B7B-AE51-B2A9834607A9}.Debug|Any CPU.Build.0 = Debug|Any CPU
		{705B510C-CB49-4B7B-AE51-B2A9834607A9}.Release|Any CPU.ActiveCfg = Release|Any CPU
		{705B510C-CB49-4B7B-AE51-B2A9834607A9}.Release|Any CPU.Build.0 = Release|Any CPU
	EndGlobalSection
EndGlobal
